{
  "name": "everdome-launcher-desktop",
<<<<<<< Updated upstream
  "version": "1.10.5",
=======
  "version": "1.10.7",
>>>>>>> Stashed changes
  "lockfileVersion": 2,
  "requires": true,
  "packages": {
    "": {
      "name": "everdome-launcher-desktop",
<<<<<<< Updated upstream
      "version": "1.10.5",
=======
      "version": "1.10.7",
>>>>>>> Stashed changes
      "hasInstallScript": true,
      "license": "MIT"
    }
  }
}
